Microsoft Visual Studio Solution File, Format Version 12.00
# Visual Studio Version 17
VisualStudioVersion = 17.5.2.0
MinimumVisualStudioVersion = 10.0.40219.1
Project("{FAE04EC0-301F-11D3-BF4B-00C04F79EFBC}") = "Team4-Collaborate", "Team4-Collaborate.csproj", "{144F3524-F576-DABF-69C1-85C3CF6D6152}"
EndProject
Global
	GlobalSection(SolutionConfigurationPlatforms) = preSolution
		Debug|Any CPU = Debug|Any CPU
		Release|Any CPU = Release|Any CPU
	EndGlobalSection
	GlobalSection(ProjectConfigurationPlatforms) = postSolution
		{144F3524-F576-DABF-69C1-85C3CF6D6152}.Debug|Any CPU.ActiveCfg = Debug|Any CPU
		{144F3524-F576-DABF-69C1-85C3CF6D6152}.Debug|Any CPU.Build.0 = Debug|Any CPU
		{144F3524-F576-DABF-69C1-85C3CF6D6152}.Release|Any CPU.ActiveCfg = Release|Any CPU
		{144F3524-F576-DABF-69C1-85C3CF6D6152}.Release|Any CPU.Build.0 = Release|Any CPU
	EndGlobalSection
	GlobalSection(SolutionProperties) = preSolution
		HideSolutionNode = FALSE
	EndGlobalSection
	GlobalSection(ExtensibilityGlobals) = postSolution
		SolutionGuid = {24505296-38A4-4D5A-B3E2-CF78B1567698}
	EndGlobalSection
EndGlobal
